{
  "nodes": {
    "nixpkgs": {
      "locked": {
        "lastModified": 1712699369,
        "narHash": "sha256-exjzfepgMGK1wQWLoqojsdzpgetwdeGlgIehAQU1HhU=",
        "owner": "NixOS",
        "repo": "nixpkgs",
        "rev": "c661c643349ed7e6262b0ccd1545a918f99087c4",
        "type": "github"
      },
      "original": {
        "owner": "NixOS",
        "repo": "nixpkgs",
        "type": "github"
      }
    },
    "root": {
      "inputs": {
        "nixpkgs": "nixpkgs",
        "telescope-recent-files-src": "telescope-recent-files-src"
      }
    },
    "telescope-recent-files-src": {
      "flake": false,
      "locked": {
        "lastModified": 1668872770,
        "narHash": "sha256-RSbB+fODF7o+n1aF9rYKP4ANPkyxQgi+3ZymTFd2BMI=",
        "owner": "smartpde",
        "repo": "telescope-recent-files",
        "rev": "6893cda11625254cc7dc2ea76e0a100c7deeb028",
        "type": "github"
      },
      "original": {
        "owner": "smartpde",
        "repo": "telescope-recent-files",
        "type": "github"
      }
    }
  },
  "root": "root",
  "version": 7
}
